
Microsoft Visual Studio Solution File, Format Version 12.00
# Visual Studio Version 16
VisualStudioVersion = 16.0.32228.343
MinimumVisualStudioVersion = 10.0.40219.1
Project("{9A19103F-16F7-4668-BE54-9A1E7A4F7556}") = "DataAccess", "DataAccess\DataAccess.csproj", "{D0F57959-50B0-42B1-BC41-8D0B164A36AC}"
EndProject
Project("{9A19103F-16F7-4668-BE54-9A1E7A4F7556}") = "Business", "Business\Business.csproj", "{2A64D259-705D-4446-8559-D7E30576759A}"
EndProject
Project("{9A19103F-16F7-4668-BE54-9A1E7A4F7556}") = "Entities", "Entities\Entities.csproj", "{2088956B-67CC-4123-A3CB-6943145C02E1}"
EndProject
Project("{9A19103F-16F7-4668-BE54-9A1E7A4F7556}") = "ConsoleUI", "ConsoleUI\ConsoleUI.csproj", "{BDC1C8F9-DB16-48DC-951C-5263BA2F398B}"
EndProject
Project("{9A19103F-16F7-4668-BE54-9A1E7A4F7556}") = "Core", "Core\Core.csproj", "{F2C94C8B-E2C7-4FDB-9CD7-80EDFD630599}"
EndProject
Project("{FAE04EC0-301F-11D3-BF4B-00C04F79EFBC}") = "WebAPI", "WebAPI\WebAPI.csproj", "{A3F164C1-B6E7-4540-AB35-9BD2F42A80DB}"
EndProject
Global
	GlobalSection(SolutionConfigurationPlatforms) = preSolution
		Debug|Any CPU = Debug|Any CPU
		Release|Any CPU = Release|Any CPU
	EndGlobalSection
	GlobalSection(ProjectConfigurationPlatforms) = postSolution
		{D0F57959-50B0-42B1-BC41-8D0B164A36AC}.Debug|Any CPU.ActiveCfg = Debug|Any CPU
		{D0F57959-50B0-42B1-BC41-8D0B164A36AC}.Debug|Any CPU.Build.0 = Debug|Any CPU
		{D0F57959-50B0-42B1-BC41-8D0B164A36AC}.Release|Any CPU.ActiveCfg = Release|Any CPU
		{D0F57959-50B0-42B1-BC41-8D0B164A36AC}.Release|Any CPU.Build.0 = Release|Any CPU
		{2A64D259-705D-4446-8559-D7E30576759A}.Debug|Any CPU.ActiveCfg = Debug|Any CPU
		{2A64D259-705D-4446-8559-D7E30576759A}.Debug|Any CPU.Build.0 = Debug|Any CPU
		{2A64D259-705D-4446-8559-D7E30576759A}.Release|Any CPU.ActiveCfg = Release|Any CPU
		{2A64D259-705D-4446-8559-D7E30576759A}.Release|Any CPU.Build.0 = Release|Any CPU
		{2088956B-67CC-4123-A3CB-6943145C02E1}.Debug|Any CPU.ActiveCfg = Debug|Any CPU
		{2088956B-67CC-4123-A3CB-6943145C02E1}.Debug|Any CPU.Build.0 = Debug|Any CPU
		{2088956B-67CC-4123-A3CB-6943145C02E1}.Release|Any CPU.ActiveCfg = Release|Any CPU
		{2088956B-67CC-4123-A3CB-6943145C02E1}.Release|Any CPU.Build.0 = Release|Any CPU
		{BDC1C8F9-DB16-48DC-951C-5263BA2F398B}.Debug|Any CPU.ActiveCfg = Debug|Any CPU
		{BDC1C8F9-DB16-48DC-951C-5263BA2F398B}.Debug|Any CPU.Build.0 = Debug|Any CPU
		{BDC1C8F9-DB16-48DC-951C-5263BA2F398B}.Release|Any CPU.ActiveCfg = Release|Any CPU
		{BDC1C8F9-DB16-48DC-951C-5263BA2F398B}.Release|Any CPU.Build.0 = Release|Any CPU
		{F2C94C8B-E2C7-4FDB-9CD7-80EDFD630599}.Debug|Any CPU.ActiveCfg = Debug|Any CPU
		{F2C94C8B-E2C7-4FDB-9CD7-80EDFD630599}.Debug|Any CPU.Build.0 = Debug|Any CPU
		{F2C94C8B-E2C7-4FDB-9CD7-80EDFD630599}.Release|Any CPU.ActiveCfg = Release|Any CPU
		{F2C94C8B-E2C7-4FDB-9CD7-80EDFD630599}.Release|Any CPU.Build.0 = Release|Any CPU
		{A3F164C1-B6E7-4540-AB35-9BD2F42A80DB}.Debug|Any CPU.ActiveCfg = Debug|Any CPU
		{A3F164C1-B6E7-4540-AB35-9BD2F42A80DB}.Debug|Any CPU.Build.0 = Debug|Any CPU
		{A3F164C1-B6E7-4540-AB35-9BD2F42A80DB}.Release|Any CPU.ActiveCfg = Release|Any CPU
		{A3F164C1-B6E7-4540-AB35-9BD2F42A80DB}.Release|Any CPU.Build.0 = Release|Any CPU
	EndGlobalSection
	GlobalSection(SolutionProperties) = preSolution
		HideSolutionNode = FALSE
	EndGlobalSection
	GlobalSection(ExtensibilityGlobals) = postSolution
		SolutionGuid = {59323928-5BCF-4B3C-A0A8-91779A86F3C3}
	EndGlobalSection
EndGlobal
